
Microsoft Visual Studio Solution File, Format Version 12.00
# Visual Studio Version 17
VisualStudioVersion = 17.5.002.0
MinimumVisualStudioVersion = 10.0.40219.1
Project("{9A19103F-16F7-4668-BE54-9A1E7A4F7556}") = "KodeHode", "KodeHode.csproj", "{DA78E175-C137-4D39-8533-FAB78A358BA1}"
EndProject
Global
	GlobalSection(SolutionConfigurationPlatforms) = preSolution
		Debug|Any CPU = Debug|Any CPU
		Release|Any CPU = Release|Any CPU
	EndGlobalSection
	GlobalSection(ProjectConfigurationPlatforms) = postSolution
		{DA78E175-C137-4D39-8533-FAB78A358BA1}.Debug|Any CPU.ActiveCfg = Debug|Any CPU
		{DA78E175-C137-4D39-8533-FAB78A358BA1}.Debug|Any CPU.Build.0 = Debug|Any CPU
		{DA78E175-C137-4D39-8533-FAB78A358BA1}.Release|Any CPU.ActiveCfg = Release|Any CPU
		{DA78E175-C137-4D39-8533-FAB78A358BA1}.Release|Any CPU.Build.0 = Release|Any CPU
	EndGlobalSection
	GlobalSection(SolutionProperties) = preSolution
		HideSolutionNode = FALSE
	EndGlobalSection
	GlobalSection(ExtensibilityGlobals) = postSolution
		SolutionGuid = {7E9B1964-CA28-483F-B553-A757AA15D77A}
	EndGlobalSection
EndGlobal
